
Microsoft Visual Studio Solution File, Format Version 12.00
# Visual Studio Version 16
VisualStudioVersion = 16.0.29911.84
MinimumVisualStudioVersion = 10.0.40219.1
Project("{FAE04EC0-301F-11D3-BF4B-00C04F79EFBC}") = "PARIS2008", "PARIS2008\PARIS2008.csproj", "{889ABCCD-7B8B-4BA7-924E-E95B39BACFB9}"
EndProject
Global
	GlobalSection(SolutionConfigurationPlatforms) = preSolution
		Debug|Any CPU = Debug|Any CPU
		Release|Any CPU = Release|Any CPU
	EndGlobalSection
	GlobalSection(ProjectConfigurationPlatforms) = postSolution
		{889ABCCD-7B8B-4BA7-924E-E95B39BACFB9}.Debug|Any CPU.ActiveCfg = Debug|Any CPU
		{889ABCCD-7B8B-4BA7-924E-E95B39BACFB9}.Debug|Any CPU.Build.0 = Debug|Any CPU
		{889ABCCD-7B8B-4BA7-924E-E95B39BACFB9}.Release|Any CPU.ActiveCfg = Release|Any CPU
		{889ABCCD-7B8B-4BA7-924E-E95B39BACFB9}.Release|Any CPU.Build.0 = Release|Any CPU
	EndGlobalSection
	GlobalSection(SolutionProperties) = preSolution
		HideSolutionNode = FALSE
	EndGlobalSection
	GlobalSection(ExtensibilityGlobals) = postSolution
		SolutionGuid = {CE46EB32-3074-45CB-BD99-14CBE72307A9}
	EndGlobalSection
EndGlobal
